// !$*UTF8*$!
{
	archiveVersion = 1;
	classes = {
	};
	objectVersion = 46;
	objects = {

/* Begin PBXBuildFile section */
		62FCC53616192CF000C2646C /* UIKit.framework in Frameworks */ = {isa = PBXBuildFile; fileRef = 62FCC53516192CF000C2646C /* UIKit.framework */; };
		62FCC53816192CF000C2646C /* Foundation.framework in Frameworks */ = {isa = PBXBuildFile; fileRef = 62FCC53716192CF000C2646C /* Foundation.framework */; };
		62FCC53A16192CF000C2646C /* CoreGraphics.framework in Frameworks */ = {isa = PBXBuildFile; fileRef = 62FCC53916192CF000C2646C /* CoreGraphics.framework */; };
		62FCC54016192CF000C2646C /* InfoPlist.strings in Resources */ = {isa = PBXBuildFile; fileRef = 62FCC53E16192CF000C2646C /* InfoPlist.strings */; };
		62FCC54216192CF000C2646C /* main.m in Sources */ = {isa = PBXBuildFile; fileRef = 62FCC54116192CF000C2646C /* main.m */; };
		62FCC54616192CF000C2646C /* SCSAppDelegate.m in Sources */ = {isa = PBXBuildFile; fileRef = 62FCC54516192CF000C2646C /* SCSAppDelegate.m */; };
		62FCC54816192CF000C2646C /* Default.png in Resources */ = {isa = PBXBuildFile; fileRef = 62FCC54716192CF000C2646C /* Default.png */; };
		62FCC54A16192CF000C2646C /* Default@2x.png in Resources */ = {isa = PBXBuildFile; fileRef = 62FCC54916192CF000C2646C /* Default@2x.png */; };
		62FCC54C16192CF000C2646C /* Default-568h@2x.png in Resources */ = {isa = PBXBuildFile; fileRef = 62FCC54B16192CF000C2646C /* Default-568h@2x.png */; };
		62FCC54F16192CF000C2646C /* MainStoryboard.storyboard in Resources */ = {isa = PBXBuildFile; fileRef = 62FCC54D16192CF000C2646C /* MainStoryboard.storyboard */; };
		62FCC55216192CF000C2646C /* SCSViewController.m in Sources */ = {isa = PBXBuildFile; fileRef = 62FCC55116192CF000C2646C /* SCSViewController.m */; };
		62FCC5591619328800C2646C /* titleslide.png in Resources */ = {isa = PBXBuildFile; fileRef = 62FCC5581619328800C2646C /* titleslide.png */; };
		62FCC5641619E37B00C2646C /* SCSCustomView.m in Sources */ = {isa = PBXBuildFile; fileRef = 62FCC5631619E37B00C2646C /* SCSCustomView.m */; };
/* End PBXBuildFile section */

/* Begin PBXFileReference section */
		62FCC53116192CF000C2646C /* SimpleView.app */ = {isa = PBXFileReference; explicitFileType = wrapper.application; includeInIndex = 0; path = SimpleView.app; sourceTree = BUILT_PRODUCTS_DIR; };
		62FCC53516192CF000C2646C /* UIKit.framework */ = {isa = PBXFileReference; lastKnownFileType = wrapper.framework; name = UIKit.framework; path = System/Library/Frameworks/UIKit.framework; sourceTree = SDKROOT; };
		62FCC53716192CF000C2646C /* Foundation.framework */ = {isa = PBXFileReference; lastKnownFileType = wrapper.framework; name = Foundation.framework; path = System/Library/Frameworks/Foundation.framework; sourceTree = SDKROOT; };
		62FCC53916192CF000C2646C /* CoreGraphics.framework */ = {isa = PBXFileReference; lastKnownFileType = wrapper.framework; name = CoreGraphics.framework; path = System/Library/Frameworks/CoreGraphics.framework; sourceTree = SDKROOT; };
		62FCC53D16192CF000C2646C /* SimpleView-Info.plist */ = {isa = PBXFileReference; lastKnownFileType = text.plist.xml; path = "SimpleView-Info.plist"; sourceTree = "<group>"; };
		62FCC53F16192CF000C2646C /* en */ = {isa = PBXFileReference; lastKnownFileType = text.plist.strings; name = en; path = en.lproj/InfoPlist.strings; sourceTree = "<group>"; };
		62FCC54116192CF000C2646C /* main.m */ = {isa = PBXFileReference; lastKnownFileType = sourcecode.c.objc; path = main.m; sourceTree = "<group>"; };
		62FCC54316192CF000C2646C /* SimpleView-Prefix.pch */ = {isa = PBXFileReference; lastKnownFileType = sourcecode.c.h; path = "SimpleView-Prefix.pch"; sourceTree = "<group>"; };
		62FCC54416192CF000C2646C /* SCSAppDelegate.h */ = {isa = PBXFileReference; lastKnownFileType = sourcecode.c.h; path = SCSAppDelegate.h; sourceTree = "<group>"; };
		62FCC54516192CF000C2646C /* SCSAppDelegate.m */ = {isa = PBXFileReference; lastKnownFileType = sourcecode.c.objc; path = SCSAppDelegate.m; sourceTree = "<group>"; };
		62FCC54716192CF000C2646C /* Default.png */ = {isa = PBXFileReference; lastKnownFileType = image.png; path = Default.png; sourceTree = "<group>"; };
		62FCC54916192CF000C2646C /* Default@2x.png */ = {isa = PBXFileReference; lastKnownFileType = image.png; path = "Default@2x.png"; sourceTree = "<group>"; };
		62FCC54B16192CF000C2646C /* Default-568h@2x.png */ = {isa = PBXFileReference; lastKnownFileType = image.png; path = "Default-568h@2x.png"; sourceTree = "<group>"; };
		62FCC54E16192CF000C2646C /* en */ = {isa = PBXFileReference; lastKnownFileType = file.storyboard; name = en; path = en.lproj/MainStoryboard.storyboard; sourceTree = "<group>"; };
		62FCC55016192CF000C2646C /* SCSViewController.h */ = {isa = PBXFileReference; lastKnownFileType = sourcecode.c.h; path = SCSViewController.h; sourceTree = "<group>"; };
		62FCC55116192CF000C2646C /* SCSViewController.m */ = {isa = PBXFileReference; lastKnownFileType = sourcecode.c.objc; path = SCSViewController.m; sourceTree = "<group>"; };
		62FCC5581619328800C2646C /* titleslide.png */ = {isa = PBXFileReference; lastKnownFileType = image.png; name = titleslide.png; path = ../../titleslide.png; sourceTree = "<group>"; };
		62FCC5621619E37B00C2646C /* SCSCustomView.h */ = {isa = PBXFileReference; fileEncoding = 4; lastKnownFileType = sourcecode.c.h; path = SCSCustomView.h; sourceTree = "<group>"; };
		62FCC5631619E37B00C2646C /* SCSCustomView.m */ = {isa = PBXFileReference; fileEncoding = 4; lastKnownFileType = sourcecode.c.objc; path = SCSCustomView.m; sourceTree = "<group>"; };
/* End PBXFileReference section */

/* Begin PBXFrameworksBuildPhase section */
		62FCC52E16192CF000C2646C /* Frameworks */ = {
			isa = PBXFrameworksBuildPhase;
			buildActionMask = 2147483647;
			files = (
				62FCC53616192CF000C2646C /* UIKit.framework in Frameworks */,
				62FCC53816192CF000C2646C /* Foundation.framework in Frameworks */,
				62FCC53A16192CF000C2646C /* CoreGraphics.framework in Frameworks */,
			);
			runOnlyForDeploymentPostprocessing = 0;
		};
/* End PBXFrameworksBuildPhase section */

/* Begin PBXGroup section */
		62FCC52616192CF000C2646C = {
			isa = PBXGroup;
			children = (
				62FCC53B16192CF000C2646C /* SimpleView */,
				62FCC53416192CF000C2646C /* Frameworks */,
				62FCC53216192CF000C2646C /* Products */,
			);
			sourceTree = "<group>";
		};
		62FCC53216192CF000C2646C /* Products */ = {
			isa = PBXGroup;
			children = (
				62FCC53116192CF000C2646C /* SimpleView.app */,
			);
			name = Products;
			sourceTree = "<group>";
		};
		62FCC53416192CF000C2646C /* Frameworks */ = {
			isa = PBXGroup;
			children = (
				62FCC53516192CF000C2646C /* UIKit.framework */,
				62FCC53716192CF000C2646C /* Foundation.framework */,
				62FCC53916192CF000C2646C /* CoreGraphics.framework */,
			);
			name = Frameworks;
			sourceTree = "<group>";
		};
		62FCC53B16192CF000C2646C /* SimpleView */ = {
			isa = PBXGroup;
			children = (
				62FCC54416192CF000C2646C /* SCSAppDelegate.h */,
				62FCC54516192CF000C2646C /* SCSAppDelegate.m */,
				62FCC54D16192CF000C2646C /* MainStoryboard.storyboard */,
				62FCC55016192CF000C2646C /* SCSViewController.h */,
				62FCC55116192CF000C2646C /* SCSViewController.m */,
				62FCC53C16192CF000C2646C /* Supporting Files */,
				62FCC5621619E37B00C2646C /* SCSCustomView.h */,
				62FCC5631619E37B00C2646C /* SCSCustomView.m */,
			);
			path = SimpleView;
			sourceTree = "<group>";
		};
		62FCC53C16192CF000C2646C /* Supporting Files */ = {
			isa = PBXGroup;
			children = (
				62FCC53D16192CF000C2646C /* SimpleView-Info.plist */,
				62FCC53E16192CF000C2646C /* InfoPlist.strings */,
				62FCC5581619328800C2646C /* titleslide.png */,
				62FCC54116192CF000C2646C /* main.m */,
				62FCC54316192CF000C2646C /* SimpleView-Prefix.pch */,
				62FCC54716192CF000C2646C /* Default.png */,
				62FCC54916192CF000C2646C /* Default@2x.png */,
				62FCC54B16192CF000C2646C /* Default-568h@2x.png */,
			);
			name = "Supporting Files";
			sourceTree = "<group>";
		};
/* End PBXGroup section */

/* Begin PBXNativeTarget section */
		62FCC53016192CF000C2646C /* SimpleView */ = {
			isa = PBXNativeTarget;
			buildConfigurationList = 62FCC55516192CF000C2646C /* Build configuration list for PBXNativeTarget "SimpleView" */;
			buildPhases = (
				62FCC52D16192CF000C2646C /* Sources */,
				62FCC52E16192CF000C2646C /* Frameworks */,
				62FCC52F16192CF000C2646C /* Resources */,
			);
			buildRules = (
			);
			dependencies = (
			);
			name = SimpleView;
			productName = SimpleView;
			productReference = 62FCC53116192CF000C2646C /* SimpleView.app */;
			productType = "com.apple.product-type.application";
		};
/* End PBXNativeTarget section */

/* Begin PBXProject section */
		62FCC52816192CF000C2646C /* Project object */ = {
			isa = PBXProject;
			attributes = {
				CLASSPREFIX = SCS;
				LastUpgradeCheck = 0450;
				ORGANIZATIONNAME = "Stanford CS193p";
			};
			buildConfigurationList = 62FCC52B16192CF000C2646C /* Build configuration list for PBXProject "SimpleView" */;
			compatibilityVersion = "Xcode 3.2";
			developmentRegion = English;
			hasScannedForEncodings = 0;
			knownRegions = (
				en,
			);
			mainGroup = 62FCC52616192CF000C2646C;
			productRefGroup = 62FCC53216192CF000C2646C /* Products */;
			projectDirPath = "";
			projectRoot = "";
			targets = (
				62FCC53016192CF000C2646C /* SimpleView */,
			);
		};
/* End PBXProject section */

/* Begin PBXResourcesBuildPhase section */
		62FCC52F16192CF000C2646C /* Resources */ = {
			isa = PBXResourcesBuildPhase;
			buildActionMask = 2147483647;
			files = (
				62FCC54016192CF000C2646C /* InfoPlist.strings in Resources */,
				62FCC54816192CF000C2646C /* Default.png in Resources */,
				62FCC54A16192CF000C2646C /* Default@2x.png in Resources */,
				62FCC54C16192CF000C2646C /* Default-568h@2x.png in Resources */,
				62FCC54F16192CF000C2646C /* MainStoryboard.storyboard in Resources */,
				62FCC5591619328800C2646C /* titleslide.png in Resources */,
			);
			runOnlyForDeploymentPostprocessing = 0;
		};
/* End PBXResourcesBuildPhase section */

/* Begin PBXSourcesBuildPhase section */
		62FCC52D16192CF000C2646C /* Sources */ = {
			isa = PBXSourcesBuildPhase;
			buildActionMask = 2147483647;
			files = (
				62FCC54216192CF000C2646C /* main.m in Sources */,
				62FCC54616192CF000C2646C /* SCSAppDelegate.m in Sources */,
				62FCC55216192CF000C2646C /* SCSViewController.m in Sources */,
				62FCC5641619E37B00C2646C /* SCSCustomView.m in Sources */,
			);
			runOnlyForDeploymentPostprocessing = 0;
		};
/* End PBXSourcesBuildPhase section */

/* Begin PBXVariantGroup section */
		62FCC53E16192CF000C2646C /* InfoPlist.strings */ = {
			isa = PBXVariantGroup;
			children = (
				62FCC53F16192CF000C2646C /* en */,
			);
			name = InfoPlist.strings;
			sourceTree = "<group>";
		};
		62FCC54D16192CF000C2646C /* MainStoryboard.storyboard */ = {
			isa = PBXVariantGroup;
			children = (
				62FCC54E16192CF000C2646C /* en */,
			);
			name = MainStoryboard.storyboard;
			sourceTree = "<group>";
		};
/* End PBXVariantGroup section */

/* Begin XCBuildConfiguration section */
		62FCC55316192CF000C2646C /* Debug */ = {
			isa = XCBuildConfiguration;
			buildSettings = {
				ALWAYS_SEARCH_USER_PATHS = NO;
				CLANG_CXX_LANGUAGE_STANDARD = "gnu++0x";
				CLANG_CXX_LIBRARY = "libc++";
				CLANG_ENABLE_OBJC_ARC = YES;
				CLANG_WARN_EMPTY_BODY = YES;
				CLANG_WARN__DUPLICATE_METHOD_MATCH = YES;
				"CODE_SIGN_IDENTITY[sdk=iphoneos*]" = "iPhone Developer";
				COPY_PHASE_STRIP = NO;
				GCC_C_LANGUAGE_STANDARD = gnu99;
				GCC_DYNAMIC_NO_PIC = NO;
				GCC_OPTIMIZATION_LEVEL = 0;
				GCC_PREPROCESSOR_DEFINITIONS = (
					"DEBUG=1",
					"$(inherited)",
				);
				GCC_SYMBOLS_PRIVATE_EXTERN = NO;
				GCC_WARN_ABOUT_RETURN_TYPE = YES;
				GCC_WARN_UNINITIALIZED_AUTOS = YES;
				GCC_WARN_UNUSED_VARIABLE = YES;
				IPHONEOS_DEPLOYMENT_TARGET = 6.0;
				SDKROOT = iphoneos;
			};
			name = Debug;
		};
		62FCC55416192CF000C2646C /* Release */ = {
			isa = XCBuildConfiguration;
			buildSettings = {
				ALWAYS_SEARCH_USER_PATHS = NO;
				CLANG_CXX_LANGUAGE_STANDARD = "gnu++0x";
				CLANG_CXX_LIBRARY = "libc++";
				CLANG_ENABLE_OBJC_ARC = YES;
				CLANG_WARN_EMPTY_BODY = YES;
				CLANG_WARN__DUPLICATE_METHOD_MATCH = YES;
				"CODE_SIGN_IDENTITY[sdk=iphoneos*]" = "iPhone Developer";
				COPY_PHASE_STRIP = YES;
				GCC_C_LANGUAGE_STANDARD = gnu99;
				GCC_WARN_ABOUT_RETURN_TYPE = YES;
				GCC_WARN_UNINITIALIZED_AUTOS = YES;
				GCC_WARN_UNUSED_VARIABLE = YES;
				IPHONEOS_DEPLOYMENT_TARGET = 6.0;
				OTHER_CFLAGS = "-DNS_BLOCK_ASSERTIONS=1";
				SDKROOT = iphoneos;
				VALIDATE_PRODUCT = YES;
			};
			name = Release;
		};
		62FCC55616192CF000C2646C /* Debug */ = {
			isa = XCBuildConfiguration;
			buildSettings = {
				GCC_PRECOMPILE_PREFIX_HEADER = YES;
				GCC_PREFIX_HEADER = "SimpleView/SimpleView-Prefix.pch";
				INFOPLIST_FILE = "SimpleView/SimpleView-Info.plist";
				PRODUCT_NAME = "$(TARGET_NAME)";
				WRAPPER_EXTENSION = app;
			};
			name = Debug;
		};
		62FCC55716192CF000C2646C /* Release */ = {
			isa = XCBuildConfiguration;
			buildSettings = {
				GCC_PRECOMPILE_PREFIX_HEADER = YES;
				GCC_PREFIX_HEADER = "SimpleView/SimpleView-Prefix.pch";
				INFOPLIST_FILE = "SimpleView/SimpleView-Info.plist";
				PRODUCT_NAME = "$(TARGET_NAME)";
				WRAPPER_EXTENSION = app;
			};
			name = Release;
		};
/* End XCBuildConfiguration section */

/* Begin XCConfigurationList section */
		62FCC52B16192CF000C2646C /* Build configuration list for PBXProject "SimpleView" */ = {
			isa = XCConfigurationList;
			buildConfigurations = (
				62FCC55316192CF000C2646C /* Debug */,
				62FCC55416192CF000C2646C /* Release */,
			);
			defaultConfigurationIsVisible = 0;
			defaultConfigurationName = Release;
		};
		62FCC55516192CF000C2646C /* Build configuration list for PBXNativeTarget "SimpleView" */ = {
			isa = XCConfigurationList;
			buildConfigurations = (
				62FCC55616192CF000C2646C /* Debug */,
				62FCC55716192CF000C2646C /* Release */,
			);
			defaultConfigurationIsVisible = 0;
			defaultConfigurationName = Release;
		};
/* End XCConfigurationList section */
	};
	rootObject = 62FCC52816192CF000C2646C /* Project object */;
}
