// !$*UTF8*$!
{
	archiveVersion = 1;
	classes = {
	};
	objectVersion = 46;
	objects = {

/* Begin PBXBuildFile section */
		ECEB7386145A28AD00B4A069 /* UIKit.framework in Frameworks */ = {isa = PBXBuildFile; fileRef = ECEB7385145A28AD00B4A069 /* UIKit.framework */; };
		ECEB7388145A28AD00B4A069 /* Foundation.framework in Frameworks */ = {isa = PBXBuildFile; fileRef = ECEB7387145A28AD00B4A069 /* Foundation.framework */; };
		ECEB738A145A28AD00B4A069 /* CoreGraphics.framework in Frameworks */ = {isa = PBXBuildFile; fileRef = ECEB7389145A28AD00B4A069 /* CoreGraphics.framework */; };
		ECEB7390145A28AD00B4A069 /* InfoPlist.strings in Resources */ = {isa = PBXBuildFile; fileRef = ECEB738E145A28AD00B4A069 /* InfoPlist.strings */; };
		ECEB7392145A28AD00B4A069 /* main.m in Sources */ = {isa = PBXBuildFile; fileRef = ECEB7391145A28AD00B4A069 /* main.m */; };
		ECEB7396145A28AD00B4A069 /* AppDelegate.m in Sources */ = {isa = PBXBuildFile; fileRef = ECEB7395145A28AD00B4A069 /* AppDelegate.m */; };
		ECEB7399145A28AD00B4A069 /* MainStoryboard_iPhone.storyboard in Resources */ = {isa = PBXBuildFile; fileRef = ECEB7397145A28AD00B4A069 /* MainStoryboard_iPhone.storyboard */; };
		ECEB739C145A28AD00B4A069 /* MainStoryboard_iPad.storyboard in Resources */ = {isa = PBXBuildFile; fileRef = ECEB739A145A28AD00B4A069 /* MainStoryboard_iPad.storyboard */; };
		ECEB73A7145A292700B4A069 /* FlickrPhotoTableViewController.m in Sources */ = {isa = PBXBuildFile; fileRef = ECEB73A6145A292700B4A069 /* FlickrPhotoTableViewController.m */; };
		ECEB73AB145A2A6600B4A069 /* FlickrFetcher.m in Sources */ = {isa = PBXBuildFile; fileRef = ECEB73AA145A2A6600B4A069 /* FlickrFetcher.m */; };
/* End PBXBuildFile section */

/* Begin PBXFileReference section */
		ECEB7381145A28AD00B4A069 /* Shutterbug.app */ = {isa = PBXFileReference; explicitFileType = wrapper.application; includeInIndex = 0; path = Shutterbug.app; sourceTree = BUILT_PRODUCTS_DIR; };
		ECEB7385145A28AD00B4A069 /* UIKit.framework */ = {isa = PBXFileReference; lastKnownFileType = wrapper.framework; name = UIKit.framework; path = System/Library/Frameworks/UIKit.framework; sourceTree = SDKROOT; };
		ECEB7387145A28AD00B4A069 /* Foundation.framework */ = {isa = PBXFileReference; lastKnownFileType = wrapper.framework; name = Foundation.framework; path = System/Library/Frameworks/Foundation.framework; sourceTree = SDKROOT; };
		ECEB7389145A28AD00B4A069 /* CoreGraphics.framework */ = {isa = PBXFileReference; lastKnownFileType = wrapper.framework; name = CoreGraphics.framework; path = System/Library/Frameworks/CoreGraphics.framework; sourceTree = SDKROOT; };
		ECEB738D145A28AD00B4A069 /* Shutterbug-Info.plist */ = {isa = PBXFileReference; lastKnownFileType = text.plist.xml; path = "Shutterbug-Info.plist"; sourceTree = "<group>"; };
		ECEB738F145A28AD00B4A069 /* en */ = {isa = PBXFileReference; lastKnownFileType = text.plist.strings; name = en; path = en.lproj/InfoPlist.strings; sourceTree = "<group>"; };
		ECEB7391145A28AD00B4A069 /* main.m */ = {isa = PBXFileReference; lastKnownFileType = sourcecode.c.objc; path = main.m; sourceTree = "<group>"; };
		ECEB7393145A28AD00B4A069 /* Shutterbug-Prefix.pch */ = {isa = PBXFileReference; lastKnownFileType = sourcecode.c.h; path = "Shutterbug-Prefix.pch"; sourceTree = "<group>"; };
		ECEB7394145A28AD00B4A069 /* AppDelegate.h */ = {isa = PBXFileReference; lastKnownFileType = sourcecode.c.h; path = AppDelegate.h; sourceTree = "<group>"; };
		ECEB7395145A28AD00B4A069 /* AppDelegate.m */ = {isa = PBXFileReference; lastKnownFileType = sourcecode.c.objc; path = AppDelegate.m; sourceTree = "<group>"; };
		ECEB7398145A28AD00B4A069 /* en */ = {isa = PBXFileReference; lastKnownFileType = file.storyboard; name = en; path = en.lproj/MainStoryboard_iPhone.storyboard; sourceTree = "<group>"; };
		ECEB739B145A28AD00B4A069 /* en */ = {isa = PBXFileReference; lastKnownFileType = file.storyboard; name = en; path = en.lproj/MainStoryboard_iPad.storyboard; sourceTree = "<group>"; };
		ECEB73A5145A292700B4A069 /* FlickrPhotoTableViewController.h */ = {isa = PBXFileReference; fileEncoding = 4; lastKnownFileType = sourcecode.c.h; path = FlickrPhotoTableViewController.h; sourceTree = "<group>"; };
		ECEB73A6145A292700B4A069 /* FlickrPhotoTableViewController.m */ = {isa = PBXFileReference; fileEncoding = 4; lastKnownFileType = sourcecode.c.objc; path = FlickrPhotoTableViewController.m; sourceTree = "<group>"; };
		ECEB73A8145A2A6600B4A069 /* FlickrAPIKey.h */ = {isa = PBXFileReference; fileEncoding = 4; lastKnownFileType = sourcecode.c.h; path = FlickrAPIKey.h; sourceTree = "<group>"; };
		ECEB73A9145A2A6600B4A069 /* FlickrFetcher.h */ = {isa = PBXFileReference; fileEncoding = 4; lastKnownFileType = sourcecode.c.h; path = FlickrFetcher.h; sourceTree = "<group>"; };
		ECEB73AA145A2A6600B4A069 /* FlickrFetcher.m */ = {isa = PBXFileReference; fileEncoding = 4; lastKnownFileType = sourcecode.c.objc; path = FlickrFetcher.m; sourceTree = "<group>"; };
/* End PBXFileReference section */

/* Begin PBXFrameworksBuildPhase section */
		ECEB737E145A28AD00B4A069 /* Frameworks */ = {
			isa = PBXFrameworksBuildPhase;
			buildActionMask = 2147483647;
			files = (
				ECEB7386145A28AD00B4A069 /* UIKit.framework in Frameworks */,
				ECEB7388145A28AD00B4A069 /* Foundation.framework in Frameworks */,
				ECEB738A145A28AD00B4A069 /* CoreGraphics.framework in Frameworks */,
			);
			runOnlyForDeploymentPostprocessing = 0;
		};
/* End PBXFrameworksBuildPhase section */

/* Begin PBXGroup section */
		ECEB7376145A28AD00B4A069 = {
			isa = PBXGroup;
			children = (
				ECEB738B145A28AD00B4A069 /* Shutterbug */,
				ECEB7384145A28AD00B4A069 /* Frameworks */,
				ECEB7382145A28AD00B4A069 /* Products */,
			);
			sourceTree = "<group>";
		};
		ECEB7382145A28AD00B4A069 /* Products */ = {
			isa = PBXGroup;
			children = (
				ECEB7381145A28AD00B4A069 /* Shutterbug.app */,
			);
			name = Products;
			sourceTree = "<group>";
		};
		ECEB7384145A28AD00B4A069 /* Frameworks */ = {
			isa = PBXGroup;
			children = (
				ECEB7385145A28AD00B4A069 /* UIKit.framework */,
				ECEB7387145A28AD00B4A069 /* Foundation.framework */,
				ECEB7389145A28AD00B4A069 /* CoreGraphics.framework */,
			);
			name = Frameworks;
			sourceTree = "<group>";
		};
		ECEB738B145A28AD00B4A069 /* Shutterbug */ = {
			isa = PBXGroup;
			children = (
				ECEB7397145A28AD00B4A069 /* MainStoryboard_iPhone.storyboard */,
				ECEB739A145A28AD00B4A069 /* MainStoryboard_iPad.storyboard */,
				ECEB73A5145A292700B4A069 /* FlickrPhotoTableViewController.h */,
				ECEB73A6145A292700B4A069 /* FlickrPhotoTableViewController.m */,
				ECEB73A8145A2A6600B4A069 /* FlickrAPIKey.h */,
				ECEB73A9145A2A6600B4A069 /* FlickrFetcher.h */,
				ECEB73AA145A2A6600B4A069 /* FlickrFetcher.m */,
				ECEB738C145A28AD00B4A069 /* Supporting Files */,
			);
			path = Shutterbug;
			sourceTree = "<group>";
		};
		ECEB738C145A28AD00B4A069 /* Supporting Files */ = {
			isa = PBXGroup;
			children = (
				ECEB7394145A28AD00B4A069 /* AppDelegate.h */,
				ECEB7395145A28AD00B4A069 /* AppDelegate.m */,
				ECEB738D145A28AD00B4A069 /* Shutterbug-Info.plist */,
				ECEB738E145A28AD00B4A069 /* InfoPlist.strings */,
				ECEB7391145A28AD00B4A069 /* main.m */,
				ECEB7393145A28AD00B4A069 /* Shutterbug-Prefix.pch */,
			);
			name = "Supporting Files";
			sourceTree = "<group>";
		};
/* End PBXGroup section */

/* Begin PBXNativeTarget section */
		ECEB7380145A28AD00B4A069 /* Shutterbug */ = {
			isa = PBXNativeTarget;
			buildConfigurationList = ECEB73A2145A28AD00B4A069 /* Build configuration list for PBXNativeTarget "Shutterbug" */;
			buildPhases = (
				ECEB737D145A28AD00B4A069 /* Sources */,
				ECEB737E145A28AD00B4A069 /* Frameworks */,
				ECEB737F145A28AD00B4A069 /* Resources */,
			);
			buildRules = (
			);
			dependencies = (
			);
			name = Shutterbug;
			productName = Shutterbug;
			productReference = ECEB7381145A28AD00B4A069 /* Shutterbug.app */;
			productType = "com.apple.product-type.application";
		};
/* End PBXNativeTarget section */

/* Begin PBXProject section */
		ECEB7378145A28AD00B4A069 /* Project object */ = {
			isa = PBXProject;
			attributes = {
				LastUpgradeCheck = 0420;
				ORGANIZATIONNAME = "Stanford University";
			};
			buildConfigurationList = ECEB737B145A28AD00B4A069 /* Build configuration list for PBXProject "Shutterbug" */;
			compatibilityVersion = "Xcode 3.2";
			developmentRegion = English;
			hasScannedForEncodings = 0;
			knownRegions = (
				en,
			);
			mainGroup = ECEB7376145A28AD00B4A069;
			productRefGroup = ECEB7382145A28AD00B4A069 /* Products */;
			projectDirPath = "";
			projectRoot = "";
			targets = (
				ECEB7380145A28AD00B4A069 /* Shutterbug */,
			);
		};
/* End PBXProject section */

/* Begin PBXResourcesBuildPhase section */
		ECEB737F145A28AD00B4A069 /* Resources */ = {
			isa = PBXResourcesBuildPhase;
			buildActionMask = 2147483647;
			files = (
				ECEB7390145A28AD00B4A069 /* InfoPlist.strings in Resources */,
				ECEB7399145A28AD00B4A069 /* MainStoryboard_iPhone.storyboard in Resources */,
				ECEB739C145A28AD00B4A069 /* MainStoryboard_iPad.storyboard in Resources */,
			);
			runOnlyForDeploymentPostprocessing = 0;
		};
/* End PBXResourcesBuildPhase section */

/* Begin PBXSourcesBuildPhase section */
		ECEB737D145A28AD00B4A069 /* Sources */ = {
			isa = PBXSourcesBuildPhase;
			buildActionMask = 2147483647;
			files = (
				ECEB7392145A28AD00B4A069 /* main.m in Sources */,
				ECEB7396145A28AD00B4A069 /* AppDelegate.m in Sources */,
				ECEB73A7145A292700B4A069 /* FlickrPhotoTableViewController.m in Sources */,
				ECEB73AB145A2A6600B4A069 /* FlickrFetcher.m in Sources */,
			);
			runOnlyForDeploymentPostprocessing = 0;
		};
/* End PBXSourcesBuildPhase section */

/* Begin PBXVariantGroup section */
		ECEB738E145A28AD00B4A069 /* InfoPlist.strings */ = {
			isa = PBXVariantGroup;
			children = (
				ECEB738F145A28AD00B4A069 /* en */,
			);
			name = InfoPlist.strings;
			sourceTree = "<group>";
		};
		ECEB7397145A28AD00B4A069 /* MainStoryboard_iPhone.storyboard */ = {
			isa = PBXVariantGroup;
			children = (
				ECEB7398145A28AD00B4A069 /* en */,
			);
			name = MainStoryboard_iPhone.storyboard;
			sourceTree = "<group>";
		};
		ECEB739A145A28AD00B4A069 /* MainStoryboard_iPad.storyboard */ = {
			isa = PBXVariantGroup;
			children = (
				ECEB739B145A28AD00B4A069 /* en */,
			);
			name = MainStoryboard_iPad.storyboard;
			sourceTree = "<group>";
		};
/* End PBXVariantGroup section */

/* Begin XCBuildConfiguration section */
		ECEB73A0145A28AD00B4A069 /* Debug */ = {
			isa = XCBuildConfiguration;
			buildSettings = {
				ALWAYS_SEARCH_USER_PATHS = NO;
				ARCHS = "$(ARCHS_STANDARD_32_BIT)";
				CLANG_ENABLE_OBJC_ARC = YES;
				"CODE_SIGN_IDENTITY[sdk=iphoneos*]" = "iPhone Developer";
				COPY_PHASE_STRIP = NO;
				GCC_C_LANGUAGE_STANDARD = gnu99;
				GCC_DYNAMIC_NO_PIC = NO;
				GCC_OPTIMIZATION_LEVEL = 0;
				GCC_PREPROCESSOR_DEFINITIONS = (
					"DEBUG=1",
					"$(inherited)",
				);
				GCC_SYMBOLS_PRIVATE_EXTERN = NO;
				GCC_VERSION = com.apple.compilers.llvm.clang.1_0;
				GCC_WARN_ABOUT_MISSING_PROTOTYPES = YES;
				GCC_WARN_ABOUT_RETURN_TYPE = YES;
				GCC_WARN_UNUSED_VARIABLE = YES;
				IPHONEOS_DEPLOYMENT_TARGET = 5.0;
				SDKROOT = iphoneos;
				TARGETED_DEVICE_FAMILY = "1,2";
			};
			name = Debug;
		};
		ECEB73A1145A28AD00B4A069 /* Release */ = {
			isa = XCBuildConfiguration;
			buildSettings = {
				ALWAYS_SEARCH_USER_PATHS = NO;
				ARCHS = "$(ARCHS_STANDARD_32_BIT)";
				CLANG_ENABLE_OBJC_ARC = YES;
				"CODE_SIGN_IDENTITY[sdk=iphoneos*]" = "iPhone Developer";
				COPY_PHASE_STRIP = YES;
				GCC_C_LANGUAGE_STANDARD = gnu99;
				GCC_VERSION = com.apple.compilers.llvm.clang.1_0;
				GCC_WARN_ABOUT_MISSING_PROTOTYPES = YES;
				GCC_WARN_ABOUT_RETURN_TYPE = YES;
				GCC_WARN_UNUSED_VARIABLE = YES;
				IPHONEOS_DEPLOYMENT_TARGET = 5.0;
				OTHER_CFLAGS = "-DNS_BLOCK_ASSERTIONS=1";
				SDKROOT = iphoneos;
				TARGETED_DEVICE_FAMILY = "1,2";
				VALIDATE_PRODUCT = YES;
			};
			name = Release;
		};
		ECEB73A3145A28AD00B4A069 /* Debug */ = {
			isa = XCBuildConfiguration;
			buildSettings = {
				GCC_PRECOMPILE_PREFIX_HEADER = YES;
				GCC_PREFIX_HEADER = "Shutterbug/Shutterbug-Prefix.pch";
				INFOPLIST_FILE = "Shutterbug/Shutterbug-Info.plist";
				PRODUCT_NAME = "$(TARGET_NAME)";
				WRAPPER_EXTENSION = app;
			};
			name = Debug;
		};
		ECEB73A4145A28AD00B4A069 /* Release */ = {
			isa = XCBuildConfiguration;
			buildSettings = {
				GCC_PRECOMPILE_PREFIX_HEADER = YES;
				GCC_PREFIX_HEADER = "Shutterbug/Shutterbug-Prefix.pch";
				INFOPLIST_FILE = "Shutterbug/Shutterbug-Info.plist";
				PRODUCT_NAME = "$(TARGET_NAME)";
				WRAPPER_EXTENSION = app;
			};
			name = Release;
		};
/* End XCBuildConfiguration section */

/* Begin XCConfigurationList section */
		ECEB737B145A28AD00B4A069 /* Build configuration list for PBXProject "Shutterbug" */ = {
			isa = XCConfigurationList;
			buildConfigurations = (
				ECEB73A0145A28AD00B4A069 /* Debug */,
				ECEB73A1145A28AD00B4A069 /* Release */,
			);
			defaultConfigurationIsVisible = 0;
			defaultConfigurationName = Release;
		};
		ECEB73A2145A28AD00B4A069 /* Build configuration list for PBXNativeTarget "Shutterbug" */ = {
			isa = XCConfigurationList;
			buildConfigurations = (
				ECEB73A3145A28AD00B4A069 /* Debug */,
				ECEB73A4145A28AD00B4A069 /* Release */,
			);
			defaultConfigurationIsVisible = 0;
		};
/* End XCConfigurationList section */
	};
	rootObject = ECEB7378145A28AD00B4A069 /* Project object */;
}
