// !$*UTF8*$!
{
	archiveVersion = 1;
	classes = {
	};
	objectVersion = 46;
	objects = {

/* Begin PBXBuildFile section */
		62BB72AC161F579700770A9F /* UIKit.framework in Frameworks */ = {isa = PBXBuildFile; fileRef = 62BB72AB161F579700770A9F /* UIKit.framework */; };
		62BB72AE161F579700770A9F /* Foundation.framework in Frameworks */ = {isa = PBXBuildFile; fileRef = 62BB72AD161F579700770A9F /* Foundation.framework */; };
		62BB72B0161F579700770A9F /* CoreGraphics.framework in Frameworks */ = {isa = PBXBuildFile; fileRef = 62BB72AF161F579700770A9F /* CoreGraphics.framework */; };
		62BB72B6161F579700770A9F /* InfoPlist.strings in Resources */ = {isa = PBXBuildFile; fileRef = 62BB72B4161F579700770A9F /* InfoPlist.strings */; };
		62BB72B8161F579700770A9F /* main.m in Sources */ = {isa = PBXBuildFile; fileRef = 62BB72B7161F579700770A9F /* main.m */; };
		62BB72BC161F579700770A9F /* SCSAppDelegate.m in Sources */ = {isa = PBXBuildFile; fileRef = 62BB72BB161F579700770A9F /* SCSAppDelegate.m */; };
		62BB72BE161F579700770A9F /* Default.png in Resources */ = {isa = PBXBuildFile; fileRef = 62BB72BD161F579700770A9F /* Default.png */; };
		62BB72C0161F579700770A9F /* Default@2x.png in Resources */ = {isa = PBXBuildFile; fileRef = 62BB72BF161F579700770A9F /* Default@2x.png */; };
		62BB72C2161F579700770A9F /* Default-568h@2x.png in Resources */ = {isa = PBXBuildFile; fileRef = 62BB72C1161F579700770A9F /* Default-568h@2x.png */; };
		62BB72C5161F579700770A9F /* MainStoryboard.storyboard in Resources */ = {isa = PBXBuildFile; fileRef = 62BB72C3161F579700770A9F /* MainStoryboard.storyboard */; };
		62BB72C8161F579700770A9F /* SCSViewController.m in Sources */ = {isa = PBXBuildFile; fileRef = 62BB72C7161F579700770A9F /* SCSViewController.m */; };
		62BB72CF161F57CE00770A9F /* Cliffs.png in Resources */ = {isa = PBXBuildFile; fileRef = 62BB72CE161F57CE00770A9F /* Cliffs.png */; };
/* End PBXBuildFile section */

/* Begin PBXFileReference section */
		62BB72A7161F579700770A9F /* VacationPics.app */ = {isa = PBXFileReference; explicitFileType = wrapper.application; includeInIndex = 0; path = VacationPics.app; sourceTree = BUILT_PRODUCTS_DIR; };
		62BB72AB161F579700770A9F /* UIKit.framework */ = {isa = PBXFileReference; lastKnownFileType = wrapper.framework; name = UIKit.framework; path = System/Library/Frameworks/UIKit.framework; sourceTree = SDKROOT; };
		62BB72AD161F579700770A9F /* Foundation.framework */ = {isa = PBXFileReference; lastKnownFileType = wrapper.framework; name = Foundation.framework; path = System/Library/Frameworks/Foundation.framework; sourceTree = SDKROOT; };
		62BB72AF161F579700770A9F /* CoreGraphics.framework */ = {isa = PBXFileReference; lastKnownFileType = wrapper.framework; name = CoreGraphics.framework; path = System/Library/Frameworks/CoreGraphics.framework; sourceTree = SDKROOT; };
		62BB72B3161F579700770A9F /* VacationPics-Info.plist */ = {isa = PBXFileReference; lastKnownFileType = text.plist.xml; path = "VacationPics-Info.plist"; sourceTree = "<group>"; };
		62BB72B5161F579700770A9F /* en */ = {isa = PBXFileReference; lastKnownFileType = text.plist.strings; name = en; path = en.lproj/InfoPlist.strings; sourceTree = "<group>"; };
		62BB72B7161F579700770A9F /* main.m */ = {isa = PBXFileReference; lastKnownFileType = sourcecode.c.objc; path = main.m; sourceTree = "<group>"; };
		62BB72B9161F579700770A9F /* VacationPics-Prefix.pch */ = {isa = PBXFileReference; lastKnownFileType = sourcecode.c.h; path = "VacationPics-Prefix.pch"; sourceTree = "<group>"; };
		62BB72BA161F579700770A9F /* SCSAppDelegate.h */ = {isa = PBXFileReference; lastKnownFileType = sourcecode.c.h; path = SCSAppDelegate.h; sourceTree = "<group>"; };
		62BB72BB161F579700770A9F /* SCSAppDelegate.m */ = {isa = PBXFileReference; lastKnownFileType = sourcecode.c.objc; path = SCSAppDelegate.m; sourceTree = "<group>"; };
		62BB72BD161F579700770A9F /* Default.png */ = {isa = PBXFileReference; lastKnownFileType = image.png; path = Default.png; sourceTree = "<group>"; };
		62BB72BF161F579700770A9F /* Default@2x.png */ = {isa = PBXFileReference; lastKnownFileType = image.png; path = "Default@2x.png"; sourceTree = "<group>"; };
		62BB72C1161F579700770A9F /* Default-568h@2x.png */ = {isa = PBXFileReference; lastKnownFileType = image.png; path = "Default-568h@2x.png"; sourceTree = "<group>"; };
		62BB72C4161F579700770A9F /* en */ = {isa = PBXFileReference; lastKnownFileType = file.storyboard; name = en; path = en.lproj/MainStoryboard.storyboard; sourceTree = "<group>"; };
		62BB72C6161F579700770A9F /* SCSViewController.h */ = {isa = PBXFileReference; lastKnownFileType = sourcecode.c.h; path = SCSViewController.h; sourceTree = "<group>"; };
		62BB72C7161F579700770A9F /* SCSViewController.m */ = {isa = PBXFileReference; lastKnownFileType = sourcecode.c.objc; path = SCSViewController.m; sourceTree = "<group>"; };
		62BB72CE161F57CE00770A9F /* Cliffs.png */ = {isa = PBXFileReference; lastKnownFileType = image.png; name = Cliffs.png; path = ../../Cliffs.png; sourceTree = "<group>"; };
/* End PBXFileReference section */

/* Begin PBXFrameworksBuildPhase section */
		62BB72A4161F579700770A9F /* Frameworks */ = {
			isa = PBXFrameworksBuildPhase;
			buildActionMask = 2147483647;
			files = (
				62BB72AC161F579700770A9F /* UIKit.framework in Frameworks */,
				62BB72AE161F579700770A9F /* Foundation.framework in Frameworks */,
				62BB72B0161F579700770A9F /* CoreGraphics.framework in Frameworks */,
			);
			runOnlyForDeploymentPostprocessing = 0;
		};
/* End PBXFrameworksBuildPhase section */

/* Begin PBXGroup section */
		62BB729C161F579600770A9F = {
			isa = PBXGroup;
			children = (
				62BB72B1161F579700770A9F /* VacationPics */,
				62BB72AA161F579700770A9F /* Frameworks */,
				62BB72A8161F579700770A9F /* Products */,
			);
			sourceTree = "<group>";
		};
		62BB72A8161F579700770A9F /* Products */ = {
			isa = PBXGroup;
			children = (
				62BB72A7161F579700770A9F /* VacationPics.app */,
			);
			name = Products;
			sourceTree = "<group>";
		};
		62BB72AA161F579700770A9F /* Frameworks */ = {
			isa = PBXGroup;
			children = (
				62BB72AB161F579700770A9F /* UIKit.framework */,
				62BB72AD161F579700770A9F /* Foundation.framework */,
				62BB72AF161F579700770A9F /* CoreGraphics.framework */,
			);
			name = Frameworks;
			sourceTree = "<group>";
		};
		62BB72B1161F579700770A9F /* VacationPics */ = {
			isa = PBXGroup;
			children = (
				62BB72BA161F579700770A9F /* SCSAppDelegate.h */,
				62BB72BB161F579700770A9F /* SCSAppDelegate.m */,
				62BB72C3161F579700770A9F /* MainStoryboard.storyboard */,
				62BB72C6161F579700770A9F /* SCSViewController.h */,
				62BB72C7161F579700770A9F /* SCSViewController.m */,
				62BB72B2161F579700770A9F /* Supporting Files */,
			);
			path = VacationPics;
			sourceTree = "<group>";
		};
		62BB72B2161F579700770A9F /* Supporting Files */ = {
			isa = PBXGroup;
			children = (
				62BB72CE161F57CE00770A9F /* Cliffs.png */,
				62BB72B3161F579700770A9F /* VacationPics-Info.plist */,
				62BB72B4161F579700770A9F /* InfoPlist.strings */,
				62BB72B7161F579700770A9F /* main.m */,
				62BB72B9161F579700770A9F /* VacationPics-Prefix.pch */,
				62BB72BD161F579700770A9F /* Default.png */,
				62BB72BF161F579700770A9F /* Default@2x.png */,
				62BB72C1161F579700770A9F /* Default-568h@2x.png */,
			);
			name = "Supporting Files";
			sourceTree = "<group>";
		};
/* End PBXGroup section */

/* Begin PBXNativeTarget section */
		62BB72A6161F579700770A9F /* VacationPics */ = {
			isa = PBXNativeTarget;
			buildConfigurationList = 62BB72CB161F579700770A9F /* Build configuration list for PBXNativeTarget "VacationPics" */;
			buildPhases = (
				62BB72A3161F579700770A9F /* Sources */,
				62BB72A4161F579700770A9F /* Frameworks */,
				62BB72A5161F579700770A9F /* Resources */,
			);
			buildRules = (
			);
			dependencies = (
			);
			name = VacationPics;
			productName = VacationPics;
			productReference = 62BB72A7161F579700770A9F /* VacationPics.app */;
			productType = "com.apple.product-type.application";
		};
/* End PBXNativeTarget section */

/* Begin PBXProject section */
		62BB729E161F579600770A9F /* Project object */ = {
			isa = PBXProject;
			attributes = {
				CLASSPREFIX = SCS;
				LastUpgradeCheck = 0450;
				ORGANIZATIONNAME = "Stanford CS193p";
			};
			buildConfigurationList = 62BB72A1161F579600770A9F /* Build configuration list for PBXProject "VacationPics" */;
			compatibilityVersion = "Xcode 3.2";
			developmentRegion = English;
			hasScannedForEncodings = 0;
			knownRegions = (
				en,
			);
			mainGroup = 62BB729C161F579600770A9F;
			productRefGroup = 62BB72A8161F579700770A9F /* Products */;
			projectDirPath = "";
			projectRoot = "";
			targets = (
				62BB72A6161F579700770A9F /* VacationPics */,
			);
		};
/* End PBXProject section */

/* Begin PBXResourcesBuildPhase section */
		62BB72A5161F579700770A9F /* Resources */ = {
			isa = PBXResourcesBuildPhase;
			buildActionMask = 2147483647;
			files = (
				62BB72B6161F579700770A9F /* InfoPlist.strings in Resources */,
				62BB72BE161F579700770A9F /* Default.png in Resources */,
				62BB72C0161F579700770A9F /* Default@2x.png in Resources */,
				62BB72C2161F579700770A9F /* Default-568h@2x.png in Resources */,
				62BB72C5161F579700770A9F /* MainStoryboard.storyboard in Resources */,
				62BB72CF161F57CE00770A9F /* Cliffs.png in Resources */,
			);
			runOnlyForDeploymentPostprocessing = 0;
		};
/* End PBXResourcesBuildPhase section */

/* Begin PBXSourcesBuildPhase section */
		62BB72A3161F579700770A9F /* Sources */ = {
			isa = PBXSourcesBuildPhase;
			buildActionMask = 2147483647;
			files = (
				62BB72B8161F579700770A9F /* main.m in Sources */,
				62BB72BC161F579700770A9F /* SCSAppDelegate.m in Sources */,
				62BB72C8161F579700770A9F /* SCSViewController.m in Sources */,
			);
			runOnlyForDeploymentPostprocessing = 0;
		};
/* End PBXSourcesBuildPhase section */

/* Begin PBXVariantGroup section */
		62BB72B4161F579700770A9F /* InfoPlist.strings */ = {
			isa = PBXVariantGroup;
			children = (
				62BB72B5161F579700770A9F /* en */,
			);
			name = InfoPlist.strings;
			sourceTree = "<group>";
		};
		62BB72C3161F579700770A9F /* MainStoryboard.storyboard */ = {
			isa = PBXVariantGroup;
			children = (
				62BB72C4161F579700770A9F /* en */,
			);
			name = MainStoryboard.storyboard;
			sourceTree = "<group>";
		};
/* End PBXVariantGroup section */

/* Begin XCBuildConfiguration section */
		62BB72C9161F579700770A9F /* Debug */ = {
			isa = XCBuildConfiguration;
			buildSettings = {
				ALWAYS_SEARCH_USER_PATHS = NO;
				CLANG_CXX_LANGUAGE_STANDARD = "gnu++0x";
				CLANG_CXX_LIBRARY = "libc++";
				CLANG_ENABLE_OBJC_ARC = YES;
				CLANG_WARN_EMPTY_BODY = YES;
				CLANG_WARN__DUPLICATE_METHOD_MATCH = YES;
				"CODE_SIGN_IDENTITY[sdk=iphoneos*]" = "iPhone Developer";
				COPY_PHASE_STRIP = NO;
				GCC_C_LANGUAGE_STANDARD = gnu99;
				GCC_DYNAMIC_NO_PIC = NO;
				GCC_OPTIMIZATION_LEVEL = 0;
				GCC_PREPROCESSOR_DEFINITIONS = (
					"DEBUG=1",
					"$(inherited)",
				);
				GCC_SYMBOLS_PRIVATE_EXTERN = NO;
				GCC_WARN_ABOUT_RETURN_TYPE = YES;
				GCC_WARN_UNINITIALIZED_AUTOS = YES;
				GCC_WARN_UNUSED_VARIABLE = YES;
				IPHONEOS_DEPLOYMENT_TARGET = 6.0;
				ONLY_ACTIVE_ARCH = YES;
				SDKROOT = iphoneos;
			};
			name = Debug;
		};
		62BB72CA161F579700770A9F /* Release */ = {
			isa = XCBuildConfiguration;
			buildSettings = {
				ALWAYS_SEARCH_USER_PATHS = NO;
				CLANG_CXX_LANGUAGE_STANDARD = "gnu++0x";
				CLANG_CXX_LIBRARY = "libc++";
				CLANG_ENABLE_OBJC_ARC = YES;
				CLANG_WARN_EMPTY_BODY = YES;
				CLANG_WARN__DUPLICATE_METHOD_MATCH = YES;
				"CODE_SIGN_IDENTITY[sdk=iphoneos*]" = "iPhone Developer";
				COPY_PHASE_STRIP = YES;
				GCC_C_LANGUAGE_STANDARD = gnu99;
				GCC_WARN_ABOUT_RETURN_TYPE = YES;
				GCC_WARN_UNINITIALIZED_AUTOS = YES;
				GCC_WARN_UNUSED_VARIABLE = YES;
				IPHONEOS_DEPLOYMENT_TARGET = 6.0;
				OTHER_CFLAGS = "-DNS_BLOCK_ASSERTIONS=1";
				SDKROOT = iphoneos;
				VALIDATE_PRODUCT = YES;
			};
			name = Release;
		};
		62BB72CC161F579700770A9F /* Debug */ = {
			isa = XCBuildConfiguration;
			buildSettings = {
				GCC_PRECOMPILE_PREFIX_HEADER = YES;
				GCC_PREFIX_HEADER = "VacationPics/VacationPics-Prefix.pch";
				INFOPLIST_FILE = "VacationPics/VacationPics-Info.plist";
				PRODUCT_NAME = "$(TARGET_NAME)";
				WRAPPER_EXTENSION = app;
			};
			name = Debug;
		};
		62BB72CD161F579700770A9F /* Release */ = {
			isa = XCBuildConfiguration;
			buildSettings = {
				GCC_PRECOMPILE_PREFIX_HEADER = YES;
				GCC_PREFIX_HEADER = "VacationPics/VacationPics-Prefix.pch";
				INFOPLIST_FILE = "VacationPics/VacationPics-Info.plist";
				PRODUCT_NAME = "$(TARGET_NAME)";
				WRAPPER_EXTENSION = app;
			};
			name = Release;
		};
/* End XCBuildConfiguration section */

/* Begin XCConfigurationList section */
		62BB72A1161F579600770A9F /* Build configuration list for PBXProject "VacationPics" */ = {
			isa = XCConfigurationList;
			buildConfigurations = (
				62BB72C9161F579700770A9F /* Debug */,
				62BB72CA161F579700770A9F /* Release */,
			);
			defaultConfigurationIsVisible = 0;
			defaultConfigurationName = Release;
		};
		62BB72CB161F579700770A9F /* Build configuration list for PBXNativeTarget "VacationPics" */ = {
			isa = XCConfigurationList;
			buildConfigurations = (
				62BB72CC161F579700770A9F /* Debug */,
				62BB72CD161F579700770A9F /* Release */,
			);
			defaultConfigurationIsVisible = 0;
		};
/* End XCConfigurationList section */
	};
	rootObject = 62BB729E161F579600770A9F /* Project object */;
}
